
Microsoft Visual Studio Solution File, Format Version 12.00
# Visual Studio Version 17
VisualStudioVersion = 17.7.34024.191
MinimumVisualStudioVersion = 10.0.40219.1
Project("{FAE04EC0-301F-11D3-BF4B-00C04F79EFBC}") = "Kutter-Jordan-Bossen steganographic method", "Kutter-Jordan-Bossen steganographic method\Kutter-Jordan-Bossen steganographic method.csproj", "{D246BBEB-FD2D-4CEE-9913-0A41EE945017}"
EndProject
Global
	GlobalSection(SolutionConfigurationPlatforms) = preSolution
		Debug|Any CPU = Debug|Any CPU
		Release|Any CPU = Release|Any CPU
	EndGlobalSection
	GlobalSection(ProjectConfigurationPlatforms) = postSolution
		{D246BBEB-FD2D-4CEE-9913-0A41EE945017}.Debug|Any CPU.ActiveCfg = Debug|Any CPU
		{D246BBEB-FD2D-4CEE-9913-0A41EE945017}.Debug|Any CPU.Build.0 = Debug|Any CPU
		{D246BBEB-FD2D-4CEE-9913-0A41EE945017}.Release|Any CPU.ActiveCfg = Release|Any CPU
		{D246BBEB-FD2D-4CEE-9913-0A41EE945017}.Release|Any CPU.Build.0 = Release|Any CPU
	EndGlobalSection
	GlobalSection(SolutionProperties) = preSolution
		HideSolutionNode = FALSE
	EndGlobalSection
	GlobalSection(ExtensibilityGlobals) = postSolution
		SolutionGuid = {79B4FD43-8DA9-4221-924A-50E208EAB806}
	EndGlobalSection
EndGlobal
